
Microsoft Visual Studio Solution File, Format Version 12.00
# Visual Studio Version 17
VisualStudioVersion = 17.3.32922.545
MinimumVisualStudioVersion = 10.0.40219.1
Project("{FAE04EC0-301F-11D3-BF4B-00C04F79EFBC}") = "GymApi", "GymApi.csproj", "{64A9772B-9312-4059-9C6A-FE8AA037886B}"
EndProject
Global
	GlobalSection(SolutionConfigurationPlatforms) = preSolution
		Debug|Any CPU = Debug|Any CPU
		Release|Any CPU = Release|Any CPU
	EndGlobalSection
	GlobalSection(ProjectConfigurationPlatforms) = postSolution
		{64A9772B-9312-4059-9C6A-FE8AA037886B}.Debug|Any CPU.ActiveCfg = Debug|Any CPU
		{64A9772B-9312-4059-9C6A-FE8AA037886B}.Debug|Any CPU.Build.0 = Debug|Any CPU
		{64A9772B-9312-4059-9C6A-FE8AA037886B}.Release|Any CPU.ActiveCfg = Release|Any CPU
		{64A9772B-9312-4059-9C6A-FE8AA037886B}.Release|Any CPU.Build.0 = Release|Any CPU
	EndGlobalSection
	GlobalSection(SolutionProperties) = preSolution
		HideSolutionNode = FALSE
	EndGlobalSection
	GlobalSection(ExtensibilityGlobals) = postSolution
		SolutionGuid = {8763A6A7-EDF5-4996-884F-195E257D92E7}
	EndGlobalSection
EndGlobal
